
Microsoft Visual Studio Solution File, Format Version 12.00
# Visual Studio Version 17
VisualStudioVersion = 17.0.32002.185
MinimumVisualStudioVersion = 10.0.40219.1
Project("{FAE04EC0-301F-11D3-BF4B-00C04F79EFBC}") = "MobileSisCliente.Android", "MobileSisCliente\MobileSisCliente.Android\MobileSisCliente.Android.csproj", "{581BE85A-6B4A-4891-9FE4-78A16B05E121}"
EndProject
Project("{FAE04EC0-301F-11D3-BF4B-00C04F79EFBC}") = "MobileSisCliente.iOS", "MobileSisCliente\MobileSisCliente.iOS\MobileSisCliente.iOS.csproj", "{676F453B-2B40-4889-98B3-29326B273D2B}"
EndProject
Project("{FAE04EC0-301F-11D3-BF4B-00C04F79EFBC}") = "MobileSisCliente", "MobileSisCliente\MobileSisCliente\MobileSisCliente.csproj", "{2FABD195-5F57-45FF-9443-C6C5DEB82F43}"
EndProject
Global
	GlobalSection(SolutionConfigurationPlatforms) = preSolution
		Debug|Any CPU = Debug|Any CPU
		Debug|iPhone = Debug|iPhone
		Debug|iPhoneSimulator = Debug|iPhoneSimulator
		Release|Any CPU = Release|Any CPU
		Release|iPhone = Release|iPhone
		Release|iPhoneSimulator = Release|iPhoneSimulator
	EndGlobalSection
	GlobalSection(ProjectConfigurationPlatforms) = postSolution
		{581BE85A-6B4A-4891-9FE4-78A16B05E121}.Debug|Any CPU.ActiveCfg = Debug|Any CPU
		{581BE85A-6B4A-4891-9FE4-78A16B05E121}.Debug|Any CPU.Build.0 = Debug|Any CPU
		{581BE85A-6B4A-4891-9FE4-78A16B05E121}.Debug|Any CPU.Deploy.0 = Debug|Any CPU
		{581BE85A-6B4A-4891-9FE4-78A16B05E121}.Debug|iPhone.ActiveCfg = Debug|Any CPU
		{581BE85A-6B4A-4891-9FE4-78A16B05E121}.Debug|iPhone.Build.0 = Debug|Any CPU
		{581BE85A-6B4A-4891-9FE4-78A16B05E121}.Debug|iPhone.Deploy.0 = Debug|Any CPU
		{581BE85A-6B4A-4891-9FE4-78A16B05E121}.Debug|iPhoneSimulator.ActiveCfg = Debug|Any CPU
		{581BE85A-6B4A-4891-9FE4-78A16B05E121}.Debug|iPhoneSimulator.Build.0 = Debug|Any CPU
		{581BE85A-6B4A-4891-9FE4-78A16B05E121}.Debug|iPhoneSimulator.Deploy.0 = Debug|Any CPU
		{581BE85A-6B4A-4891-9FE4-78A16B05E121}.Release|Any CPU.ActiveCfg = Release|Any CPU
		{581BE85A-6B4A-4891-9FE4-78A16B05E121}.Release|Any CPU.Build.0 = Release|Any CPU
		{581BE85A-6B4A-4891-9FE4-78A16B05E121}.Release|Any CPU.Deploy.0 = Release|Any CPU
		{581BE85A-6B4A-4891-9FE4-78A16B05E121}.Release|iPhone.ActiveCfg = Release|Any CPU
		{581BE85A-6B4A-4891-9FE4-78A16B05E121}.Release|iPhone.Build.0 = Release|Any CPU
		{581BE85A-6B4A-4891-9FE4-78A16B05E121}.Release|iPhone.Deploy.0 = Release|Any CPU
		{581BE85A-6B4A-4891-9FE4-78A16B05E121}.Release|iPhoneSimulator.ActiveCfg = Release|Any CPU
		{581BE85A-6B4A-4891-9FE4-78A16B05E121}.Release|iPhoneSimulator.Build.0 = Release|Any CPU
		{581BE85A-6B4A-4891-9FE4-78A16B05E121}.Release|iPhoneSimulator.Deploy.0 = Release|Any CPU
		{676F453B-2B40-4889-98B3-29326B273D2B}.Debug|Any CPU.ActiveCfg = Debug|iPhone
		{676F453B-2B40-4889-98B3-29326B273D2B}.Debug|Any CPU.Build.0 = Debug|iPhone
		{676F453B-2B40-4889-98B3-29326B273D2B}.Debug|Any CPU.Deploy.0 = Debug|iPhone
		{676F453B-2B40-4889-98B3-29326B273D2B}.Debug|iPhone.ActiveCfg = Debug|iPhone
		{676F453B-2B40-4889-98B3-29326B273D2B}.Debug|iPhone.Build.0 = Debug|iPhone
		{676F453B-2B40-4889-98B3-29326B273D2B}.Debug|iPhone.Deploy.0 = Debug|iPhone
		{676F453B-2B40-4889-98B3-29326B273D2B}.Debug|iPhoneSimulator.ActiveCfg = Debug|iPhoneSimulator
		{676F453B-2B40-4889-98B3-29326B273D2B}.Debug|iPhoneSimulator.Build.0 = Debug|iPhoneSimulator
		{676F453B-2B40-4889-98B3-29326B273D2B}.Debug|iPhoneSimulator.Deploy.0 = Debug|iPhoneSimulator
		{676F453B-2B40-4889-98B3-29326B273D2B}.Release|Any CPU.ActiveCfg = Release|iPhoneSimulator
		{676F453B-2B40-4889-98B3-29326B273D2B}.Release|Any CPU.Build.0 = Release|iPhoneSimulator
		{676F453B-2B40-4889-98B3-29326B273D2B}.Release|Any CPU.Deploy.0 = Release|iPhoneSimulator
		{676F453B-2B40-4889-98B3-29326B273D2B}.Release|iPhone.ActiveCfg = Release|iPhone
		{676F453B-2B40-4889-98B3-29326B273D2B}.Release|iPhone.Build.0 = Release|iPhone
		{676F453B-2B40-4889-98B3-29326B273D2B}.Release|iPhone.Deploy.0 = Release|iPhone
		{676F453B-2B40-4889-98B3-29326B273D2B}.Release|iPhoneSimulator.ActiveCfg = Release|iPhoneSimulator
		{676F453B-2B40-4889-98B3-29326B273D2B}.Release|iPhoneSimulator.Build.0 = Release|iPhoneSimulator
		{676F453B-2B40-4889-98B3-29326B273D2B}.Release|iPhoneSimulator.Deploy.0 = Release|iPhoneSimulator
		{2FABD195-5F57-45FF-9443-C6C5DEB82F43}.Debug|Any CPU.ActiveCfg = Debug|Any CPU
		{2FABD195-5F57-45FF-9443-C6C5DEB82F43}.Debug|Any CPU.Build.0 = Debug|Any CPU
		{2FABD195-5F57-45FF-9443-C6C5DEB82F43}.Debug|Any CPU.Deploy.0 = Debug|Any CPU
		{2FABD195-5F57-45FF-9443-C6C5DEB82F43}.Debug|iPhone.ActiveCfg = Debug|Any CPU
		{2FABD195-5F57-45FF-9443-C6C5DEB82F43}.Debug|iPhone.Build.0 = Debug|Any CPU
		{2FABD195-5F57-45FF-9443-C6C5DEB82F43}.Debug|iPhone.Deploy.0 = Debug|Any CPU
		{2FABD195-5F57-45FF-9443-C6C5DEB82F43}.Debug|iPhoneSimulator.ActiveCfg = Debug|Any CPU
		{2FABD195-5F57-45FF-9443-C6C5DEB82F43}.Debug|iPhoneSimulator.Build.0 = Debug|Any CPU
		{2FABD195-5F57-45FF-9443-C6C5DEB82F43}.Debug|iPhoneSimulator.Deploy.0 = Debug|Any CPU
		{2FABD195-5F57-45FF-9443-C6C5DEB82F43}.Release|Any CPU.ActiveCfg = Release|Any CPU
		{2FABD195-5F57-45FF-9443-C6C5DEB82F43}.Release|Any CPU.Build.0 = Release|Any CPU
		{2FABD195-5F57-45FF-9443-C6C5DEB82F43}.Release|Any CPU.Deploy.0 = Release|Any CPU
		{2FABD195-5F57-45FF-9443-C6C5DEB82F43}.Release|iPhone.ActiveCfg = Release|Any CPU
		{2FABD195-5F57-45FF-9443-C6C5DEB82F43}.Release|iPhone.Build.0 = Release|Any CPU
		{2FABD195-5F57-45FF-9443-C6C5DEB82F43}.Release|iPhone.Deploy.0 = Release|Any CPU
		{2FABD195-5F57-45FF-9443-C6C5DEB82F43}.Release|iPhoneSimulator.ActiveCfg = Release|Any CPU
		{2FABD195-5F57-45FF-9443-C6C5DEB82F43}.Release|iPhoneSimulator.Build.0 = Release|Any CPU
		{2FABD195-5F57-45FF-9443-C6C5DEB82F43}.Release|iPhoneSimulator.Deploy.0 = Release|Any CPU
	EndGlobalSection
	GlobalSection(SolutionProperties) = preSolution
		HideSolutionNode = FALSE
	EndGlobalSection
	GlobalSection(ExtensibilityGlobals) = postSolution
		SolutionGuid = {4B3ED6D1-BBA2-4223-BE20-5C304FD0E798}
	EndGlobalSection
EndGlobal
